
Microsoft Visual Studio Solution File, Format Version 12.00
# Visual Studio 15
VisualStudioVersion = 15.0.28307.168
MinimumVisualStudioVersion = 10.0.40219.1
Project("{FAE04EC0-301F-11D3-BF4B-00C04F79EFBC}") = "GraphicalProgrammingLanguage", "GraphicalProgrammingLanguage\GraphicalProgrammingLanguage.csproj", "{631C4DA5-409A-4BE6-BC33-1B994E937E1F}"
EndProject
Project("{FAE04EC0-301F-11D3-BF4B-00C04F79EFBC}") = "GraphicalProgrammingLanguageTests", "GraphicalProgrammingLanguageTests\GraphicalProgrammingLanguageTests.csproj", "{532A0C51-1D1B-4F27-B594-EF198ED2A1B5}"
EndProject
Global
	GlobalSection(SolutionConfigurationPlatforms) = preSolution
		Debug|Any CPU = Debug|Any CPU
		Release|Any CPU = Release|Any CPU
	EndGlobalSection
	GlobalSection(ProjectConfigurationPlatforms) = postSolution
		{631C4DA5-409A-4BE6-BC33-1B994E937E1F}.Debug|Any CPU.ActiveCfg = Debug|Any CPU
		{631C4DA5-409A-4BE6-BC33-1B994E937E1F}.Debug|Any CPU.Build.0 = Debug|Any CPU
		{631C4DA5-409A-4BE6-BC33-1B994E937E1F}.Release|Any CPU.ActiveCfg = Release|Any CPU
		{631C4DA5-409A-4BE6-BC33-1B994E937E1F}.Release|Any CPU.Build.0 = Release|Any CPU
		{532A0C51-1D1B-4F27-B594-EF198ED2A1B5}.Debug|Any CPU.ActiveCfg = Debug|Any CPU
		{532A0C51-1D1B-4F27-B594-EF198ED2A1B5}.Debug|Any CPU.Build.0 = Debug|Any CPU
		{532A0C51-1D1B-4F27-B594-EF198ED2A1B5}.Release|Any CPU.ActiveCfg = Release|Any CPU
		{532A0C51-1D1B-4F27-B594-EF198ED2A1B5}.Release|Any CPU.Build.0 = Release|Any CPU
	EndGlobalSection
	GlobalSection(SolutionProperties) = preSolution
		HideSolutionNode = FALSE
	EndGlobalSection
	GlobalSection(ExtensibilityGlobals) = postSolution
		SolutionGuid = {7AE5E1EC-D28F-46ED-B2EB-5455C7E232EC}
	EndGlobalSection
EndGlobal
